
Microsoft Visual Studio Solution File, Format Version 12.00
# Visual Studio Version 17
VisualStudioVersion = 17.10.34928.147
MinimumVisualStudioVersion = 10.0.40219.1
Project("{FAE04EC0-301F-11D3-BF4B-00C04F79EFBC}") = "UnoPopupXamlApp", "UnoPopupXamlApp\UnoPopupXamlApp.csproj", "{7DB94E70-FB00-45E1-A8C0-A06612A16A4D}"
EndProject
Project("{2150E333-8FDC-42A3-9474-1A3956D46DE8}") = "Solution Items", "Solution Items", "{C75E8A7D-F51F-4469-970F-28CCE76882EF}"
	ProjectSection(SolutionItems) = preProject
		.gitignore = .gitignore
		Directory.Build.props = Directory.Build.props
		Directory.Build.targets = Directory.Build.targets
		Directory.Packages.props = Directory.Packages.props
		global.json = global.json
	EndProjectSection
EndProject
Global
	GlobalSection(SolutionConfigurationPlatforms) = preSolution
		Debug|Any CPU = Debug|Any CPU
		Release|Any CPU = Release|Any CPU
	EndGlobalSection
	GlobalSection(ProjectConfigurationPlatforms) = postSolution
		{7DB94E70-FB00-45E1-A8C0-A06612A16A4D}.Debug|Any CPU.ActiveCfg = Debug|Any CPU
		{7DB94E70-FB00-45E1-A8C0-A06612A16A4D}.Debug|Any CPU.Build.0 = Debug|Any CPU
		{7DB94E70-FB00-45E1-A8C0-A06612A16A4D}.Debug|Any CPU.Deploy.0 = Debug|Any CPU
		{7DB94E70-FB00-45E1-A8C0-A06612A16A4D}.Release|Any CPU.ActiveCfg = Release|Any CPU
		{7DB94E70-FB00-45E1-A8C0-A06612A16A4D}.Release|Any CPU.Build.0 = Release|Any CPU
		{7DB94E70-FB00-45E1-A8C0-A06612A16A4D}.Release|Any CPU.Deploy.0 = Release|Any CPU
	EndGlobalSection
	GlobalSection(SolutionProperties) = preSolution
		HideSolutionNode = FALSE
	EndGlobalSection
	GlobalSection(ExtensibilityGlobals) = postSolution
		SolutionGuid = {CCE022AD-D076-4ABC-B21A-017881DA8A66}
	EndGlobalSection
EndGlobal
